{
    "version": 3,
    "terraform_version": "0.11.14",
    "serial": 11,
    "lineage": "fbd122b6-f738-be0d-129a-09b2ffd35319",
    "modules": [
        {
            "path": [
                "root"
            ],
            "outputs": {},
            "resources": {
                "docker_network.private_bridge_network": {
                    "type": "docker_network",
                    "depends_on": [],
                    "primary": {
                        "id": "1f0ce550fdf2a6ca2dfb1e24c12b8f11344e4360f313259f16b140f686382ad6",
                        "attributes": {
                            "attachable": "false",
                            "driver": "bridge",
                            "id": "1f0ce550fdf2a6ca2dfb1e24c12b8f11344e4360f313259f16b140f686382ad6",
                            "ingress": "false",
                            "internal": "true",
                            "ipam_config.#": "1",
                            "ipam_config.2829108542.aux_address.%": "0",
                            "ipam_config.2829108542.gateway": "172.21.0.1",
                            "ipam_config.2829108542.ip_range": "",
                            "ipam_config.2829108542.subnet": "172.21.0.0/16",
                            "ipam_driver": "default",
                            "ipv6": "false",
                            "labels.%": "0",
                            "name": "ghost_mysql_internal",
                            "options.%": "0",
                            "scope": "local"
                        },
                        "meta": {},
                        "tainted": false
                    },
                    "deposed": [],
                    "provider": "provider.docker"
                },
                "docker_network.public_bridge_network": {
                    "type": "docker_network",
                    "depends_on": [],
                    "primary": {
                        "id": "f738dd5c9cdad0e899f6ed9bd15b1b0e99278da4716549d64a64f714a9017f5f",
                        "attributes": {
                            "attachable": "false",
                            "driver": "bridge",
                            "id": "f738dd5c9cdad0e899f6ed9bd15b1b0e99278da4716549d64a64f714a9017f5f",
                            "ingress": "false",
                            "internal": "false",
                            "ipam_config.#": "1",
                            "ipam_config.1059833442.aux_address.%": "0",
                            "ipam_config.1059833442.gateway": "172.20.0.1",
                            "ipam_config.1059833442.ip_range": "",
                            "ipam_config.1059833442.subnet": "172.20.0.0/16",
                            "ipam_driver": "default",
                            "ipv6": "false",
                            "labels.%": "0",
                            "name": "public_ghost_network",
                            "options.%": "0",
                            "scope": "local"
                        },
                        "meta": {},
                        "tainted": false
                    },
                    "deposed": [],
                    "provider": "provider.docker"
                },
                "docker_volume.mysql_data_volume": {
                    "type": "docker_volume",
                    "depends_on": [],
                    "primary": {
                        "id": "mysql_data",
                        "attributes": {
                            "driver": "local",
                            "driver_opts.%": "0",
                            "id": "mysql_data",
                            "labels.%": "0",
                            "mountpoint": "/var/lib/docker/volumes/mysql_data/_data",
                            "name": "mysql_data"
                        },
                        "meta": {},
                        "tainted": false
                    },
                    "deposed": [],
                    "provider": "provider.docker"
                }
            },
            "depends_on": []
        }
    ]
}
